
Microsoft Visual Studio Solution File, Format Version 12.00
# Visual Studio 15
VisualStudioVersion = 15.0.27004.2008
MinimumVisualStudioVersion = 10.0.40219.1
Project("{888888A0-9F3D-457C-B088-3A5042F75D52}") = "AutoPy", "AutoPy\AutoPy.pyproj", "{86CD0F5F-7FCD-45E0-9A44-5D461716540D}"
EndProject
Global
	GlobalSection(SolutionConfigurationPlatforms) = preSolution
		Debug|Any CPU = Debug|Any CPU
		Release|Any CPU = Release|Any CPU
	EndGlobalSection
	GlobalSection(ProjectConfigurationPlatforms) = postSolution
		{86CD0F5F-7FCD-45E0-9A44-5D461716540D}.Debug|Any CPU.ActiveCfg = Debug|Any CPU
		{86CD0F5F-7FCD-45E0-9A44-5D461716540D}.Release|Any CPU.ActiveCfg = Release|Any CPU
	EndGlobalSection
	GlobalSection(SolutionProperties) = preSolution
		HideSolutionNode = FALSE
	EndGlobalSection
	GlobalSection(ExtensibilityGlobals) = postSolution
		SolutionGuid = {A33A710B-5AFF-4E2C-B5EF-69EA0F00E04C}
	EndGlobalSection
EndGlobal
